
Microsoft Visual Studio Solution File, Format Version 12.00
# Visual Studio Version 17
VisualStudioVersion = 17.14.36603.0 d17.14
MinimumVisualStudioVersion = 10.0.40219.1
Project("{FAE04EC0-301F-11D3-BF4B-00C04F79EFBC}") = "hangfire", "hangfire\hangfire.csproj", "{0D9437DB-5463-40AA-851F-08704BF4025F}"
EndProject
Global
	GlobalSection(SolutionConfigurationPlatforms) = preSolution
		Debug|Any CPU = Debug|Any CPU
		Release|Any CPU = Release|Any CPU
	EndGlobalSection
	GlobalSection(ProjectConfigurationPlatforms) = postSolution
		{0D9437DB-5463-40AA-851F-08704BF4025F}.Debug|Any CPU.ActiveCfg = Debug|Any CPU
		{0D9437DB-5463-40AA-851F-08704BF4025F}.Debug|Any CPU.Build.0 = Debug|Any CPU
		{0D9437DB-5463-40AA-851F-08704BF4025F}.Release|Any CPU.ActiveCfg = Release|Any CPU
		{0D9437DB-5463-40AA-851F-08704BF4025F}.Release|Any CPU.Build.0 = Release|Any CPU
	EndGlobalSection
	GlobalSection(SolutionProperties) = preSolution
		HideSolutionNode = FALSE
	EndGlobalSection
	GlobalSection(ExtensibilityGlobals) = postSolution
		SolutionGuid = {EB86E8EA-5B4B-4C95-8CFB-3151FF8C3397}
	EndGlobalSection
EndGlobal
